Microsoft Visual Studio Solution File, Format Version 12.00
# Visual Studio Version 17
VisualStudioVersion = 17.5.2.0
MinimumVisualStudioVersion = 10.0.40219.1
Project("{FAE04EC0-301F-11D3-BF4B-00C04F79EFBC}") = "LBL_Downloader", "LBL_Downloader.csproj", "{A93FC2F2-D246-221B-65A7-D6F834D6434E}"
EndProject
Global
	GlobalSection(SolutionConfigurationPlatforms) = preSolution
		Debug|Any CPU = Debug|Any CPU
		Release|Any CPU = Release|Any CPU
	EndGlobalSection
	GlobalSection(ProjectConfigurationPlatforms) = postSolution
		{A93FC2F2-D246-221B-65A7-D6F834D6434E}.Debug|Any CPU.ActiveCfg = Debug|Any CPU
		{A93FC2F2-D246-221B-65A7-D6F834D6434E}.Debug|Any CPU.Build.0 = Debug|Any CPU
		{A93FC2F2-D246-221B-65A7-D6F834D6434E}.Release|Any CPU.ActiveCfg = Release|Any CPU
		{A93FC2F2-D246-221B-65A7-D6F834D6434E}.Release|Any CPU.Build.0 = Release|Any CPU
	EndGlobalSection
	GlobalSection(SolutionProperties) = preSolution
		HideSolutionNode = FALSE
	EndGlobalSection
	GlobalSection(ExtensibilityGlobals) = postSolution
		SolutionGuid = {FEC47F20-06DB-4BF3-B7C9-FA297AB582DB}
	EndGlobalSection
EndGlobal
